github.com/crescolincs/lincs-theme v0.0.0-20240411183439-3d914405f255 h1:KlGVBmf0IkAaW59sByqA+idm1tVZ1OY/CeolRuM4Ubo=
github.com/crescolincs/lincs-theme v0.0.0-20240411183439-3d914405f255/go.mod h1:ni1ll4vPX/ckofk6OO22SrUB+Vgms2jSZSE5gRuN+UY=
github.com/crescolincs/lincs-theme v0.0.0-20240412163118-1f593b59c816 h1:jiTTWqp4si0/i++sSEqQrQxpKijC7/CC/BjOV7l+VPg=
github.com/crescolincs/lincs-theme v0.0.0-20240412163118-1f593b59c816/go.mod h1:ni1ll4vPX/ckofk6OO22SrUB+Vgms2jSZSE5gRuN+UY=
github.com/crescolincs/lincs-theme v0.0.0-20240413142503-e014b0126658 h1:UYTkG4RkCd7SOaaln56IVf5788GwzYXO0t7DGRcp2+o=
github.com/crescolincs/lincs-theme v0.0.0-20240413142503-e014b0126658/go.mod h1:ni1ll4vPX/ckofk6OO22SrUB+Vgms2jSZSE5gRuN+UY=
github.com/crescolincs/lincs-theme v0.0.0-20240413154919-ad91c0fd8312 h1:lOmt2tBt9McrhdDSZvj5n3msR8u/C5+ae8ra3d/Htyk=
github.com/crescolincs/lincs-theme v0.0.0-20240413154919-ad91c0fd8312/go.mod h1:ni1ll4vPX/ckofk6OO22SrUB+Vgms2jSZSE5gRuN+UY=
github.com/crescolincs/lincs-theme v0.0.0-20240414105317-5489368fa5a4 h1:dhrbnr3X8B2sW4359y6vNrdqe3MuiWpMaONG7QKhrp8=
github.com/crescolincs/lincs-theme v0.0.0-20240414105317-5489368fa5a4/go.mod h1:ni1ll4vPX/ckofk6OO22SrUB+Vgms2jSZSE5gRuN+UY=
github.com/crescolincs/lincs-theme v0.0.0-20240415165034-517bcdb8d657 h1:PjpPSoBxHFW8rDbDX8VX2/r8RdgMPhrj65vmQchE7HM=
github.com/crescolincs/lincs-theme v0.0.0-20240415165034-517bcdb8d657/go.mod h1:ni1ll4vPX/ckofk6OO22SrUB+Vgms2jSZSE5gRuN+UY=
github.com/crescolincs/lincs-theme v0.0.0-20240415173846-836296332a8c h1:3NZx++dHN8DfYaD0smIQM3gJFNXoW1BNEhTAzA6+nrc=
github.com/crescolincs/lincs-theme v0.0.0-20240415173846-836296332a8c/go.mod h1:ni1ll4vPX/ckofk6OO22SrUB+Vgms2jSZSE5gRuN+UY=
github.com/crescolincs/lincs-theme v0.0.0-20240415180044-841b09daac75 h1:y9mkWQrDTgo/BwM9PKqWjPDsPQBDnsliusEPM/e/euc=
github.com/crescolincs/lincs-theme v0.0.0-20240415180044-841b09daac75/go.mod h1:ni1ll4vPX/ckofk6OO22SrUB+Vgms2jSZSE5gRuN+UY=
github.com/crescolincs/lincs-theme v0.0.0-20240415205740-7caf6716d948 h1:gNc6BKYlc5GZvp6YjgDZ53B186agk263CPXbEYlWFwo=
github.com/crescolincs/lincs-theme v0.0.0-20240415205740-7caf6716d948/go.mod h1:ni1ll4vPX/ckofk6OO22SrUB+Vgms2jSZSE5gRuN+UY=
github.com/crescolincs/lincs-theme v0.0.0-20240415210124-b1b991ddde2d h1:7hPAAX9SmEiXLtb4zo8udr4X7Z3w067pc8EtR2BwdDE=
github.com/crescolincs/lincs-theme v0.0.0-20240415210124-b1b991ddde2d/go.mod h1:ni1ll4vPX/ckofk6OO22SrUB+Vgms2jSZSE5gRuN+UY=
github.com/crescolincs/lincs-theme v0.0.0-20240416115914-3b9a224865be h1:B3Vi6EmjDXcCYOtRM0hfNznV6wN/1eJKftq25MgVy5w=
github.com/crescolincs/lincs-theme v0.0.0-20240416115914-3b9a224865be/go.mod h1:ni1ll4vPX/ckofk6OO22SrUB+Vgms2jSZSE5gRuN+UY=
github.com/crescolincs/lincs-theme v0.0.0-20240416170133-1bf20f11d919 h1:3ZlVZQ09DJipXmAZ+RLO2tsADG9rHSiXv2KiVKhWp3o=
github.com/crescolincs/lincs-theme v0.0.0-20240416170133-1bf20f11d919/go.mod h1:ni1ll4vPX/ckofk6OO22SrUB+Vgms2jSZSE5gRuN+UY=
