github.com/crescolincs/lincs-theme v0.0.0-20240411183439-3d914405f255 h1:KlGVBmf0IkAaW59sByqA+idm1tVZ1OY/CeolRuM4Ubo=
github.com/crescolincs/lincs-theme v0.0.0-20240411183439-3d914405f255/go.mod h1:ni1ll4vPX/ckofk6OO22SrUB+Vgms2jSZSE5gRuN+UY=
github.com/crescolincs/lincs-theme v0.0.0-20240412163118-1f593b59c816 h1:jiTTWqp4si0/i++sSEqQrQxpKijC7/CC/BjOV7l+VPg=
github.com/crescolincs/lincs-theme v0.0.0-20240412163118-1f593b59c816/go.mod h1:ni1ll4vPX/ckofk6OO22SrUB+Vgms2jSZSE5gRuN+UY=
github.com/crescolincs/lincs-theme v0.0.0-20240413142503-e014b0126658 h1:UYTkG4RkCd7SOaaln56IVf5788GwzYXO0t7DGRcp2+o=
github.com/crescolincs/lincs-theme v0.0.0-20240413142503-e014b0126658/go.mod h1:ni1ll4vPX/ckofk6OO22SrUB+Vgms2jSZSE5gRuN+UY=
